
Microsoft Visual Studio Solution File, Format Version 12.00
# Visual Studio Version 16
VisualStudioVersion = 16.0.32002.261
MinimumVisualStudioVersion = 10.0.40219.1
Project("{FAE04EC0-301F-11D3-BF4B-00C04F79EFBC}") = "WebApiNew", "WebApiNew\WebApiNew.csproj", "{294409FD-C904-4F0C-8D8C-F7D42F873490}"
EndProject
Project("{FAE04EC0-301F-11D3-BF4B-00C04F79EFBC}") = "EmployeeDataAccess", "EmployeeDataAccess\EmployeeDataAccess.csproj", "{6C253121-2B49-4878-8510-E478416FE41F}"
EndProject
Project("{FAE04EC0-301F-11D3-BF4B-00C04F79EFBC}") = "WebApiNew.UnitTests", "WebApiNew.UnitTests\WebApiNew.UnitTests.csproj", "{66CFE0A6-C3A6-454E-9A12-EDE490E6795C}"
EndProject
Global
	GlobalSection(SolutionConfigurationPlatforms) = preSolution
		Debug|Any CPU = Debug|Any CPU
		Release|Any CPU = Release|Any CPU
	EndGlobalSection
	GlobalSection(ProjectConfigurationPlatforms) = postSolution
		{294409FD-C904-4F0C-8D8C-F7D42F873490}.Debug|Any CPU.ActiveCfg = Debug|Any CPU
		{294409FD-C904-4F0C-8D8C-F7D42F873490}.Debug|Any CPU.Build.0 = Debug|Any CPU
		{294409FD-C904-4F0C-8D8C-F7D42F873490}.Release|Any CPU.ActiveCfg = Release|Any CPU
		{294409FD-C904-4F0C-8D8C-F7D42F873490}.Release|Any CPU.Build.0 = Release|Any CPU
		{6C253121-2B49-4878-8510-E478416FE41F}.Debug|Any CPU.ActiveCfg = Debug|Any CPU
		{6C253121-2B49-4878-8510-E478416FE41F}.Debug|Any CPU.Build.0 = Debug|Any CPU
		{6C253121-2B49-4878-8510-E478416FE41F}.Release|Any CPU.ActiveCfg = Release|Any CPU
		{6C253121-2B49-4878-8510-E478416FE41F}.Release|Any CPU.Build.0 = Release|Any CPU
		{66CFE0A6-C3A6-454E-9A12-EDE490E6795C}.Debug|Any CPU.ActiveCfg = Debug|Any CPU
		{66CFE0A6-C3A6-454E-9A12-EDE490E6795C}.Debug|Any CPU.Build.0 = Debug|Any CPU
		{66CFE0A6-C3A6-454E-9A12-EDE490E6795C}.Release|Any CPU.ActiveCfg = Release|Any CPU
		{66CFE0A6-C3A6-454E-9A12-EDE490E6795C}.Release|Any CPU.Build.0 = Release|Any CPU
	EndGlobalSection
	GlobalSection(SolutionProperties) = preSolution
		HideSolutionNode = FALSE
	EndGlobalSection
	GlobalSection(ExtensibilityGlobals) = postSolution
		SolutionGuid = {B39B9B6E-53E9-4F37-ABE2-600BBE5F0662}
	EndGlobalSection
EndGlobal
